
Microsoft Visual Studio Solution File, Format Version 12.00
# Visual Studio Version 16
VisualStudioVersion = 16.0.29609.76
MinimumVisualStudioVersion = 10.0.40219.1
Project("{9A19103F-16F7-4668-BE54-9A1E7A4F7556}") = "ExerciseTests", "ExerciseTests\ExerciseTests.csproj", "{037EDAB7-E44F-4B3F-972E-1006D9387238}"
EndProject
Project("{2150E333-8FDC-42A3-9474-1A3956D46DE8}") = "Easy", "Easy", "{1622BCC3-E425-46E6-9BB0-7E7CAAC44416}"
EndProject
Project("{2150E333-8FDC-42A3-9474-1A3956D46DE8}") = "Medium", "Medium", "{86E2B076-C054-4C94-8529-60D1FE9596BF}"
EndProject
Project("{2150E333-8FDC-42A3-9474-1A3956D46DE8}") = "Hard", "Hard", "{641ABBBB-349D-4E4B-B59B-546C79332778}"
EndProject
Project("{9A19103F-16F7-4668-BE54-9A1E7A4F7556}") = "GradeSchoolExercise", "Exercises\Easy\GradeSchoolExercise\GradeSchoolExercise.csproj", "{FF9C919A-7C87-4152-9D52-38F367AAB85B}"
EndProject
Project("{9A19103F-16F7-4668-BE54-9A1E7A4F7556}") = "AllergiesExercise", "Exercises\Easy\AllergiesExercise\AllergiesExercise.csproj", "{23A1A759-93E7-4C4A-871D-0986236E9FBD}"
EndProject
Project("{9A19103F-16F7-4668-BE54-9A1E7A4F7556}") = "GigasecondExercise", "Exercises\Easy\GigasecondExercise\GigasecondExercise.csproj", "{3272735E-5FDE-4C31-BB4C-07A861BFA556}"
EndProject
Project("{9A19103F-16F7-4668-BE54-9A1E7A4F7556}") = "HammingExercise", "Exercises\Easy\HammingExercise\HammingExercise.csproj", "{28F27C9C-80C5-491D-810E-2E7733EB6E98}"
EndProject
Project("{9A19103F-16F7-4668-BE54-9A1E7A4F7556}") = "HelloWorldExercise", "Exercises\Easy\HelloWorldExercise\HelloWorldExercise.csproj", "{A3D95069-F2D2-4F08-ACF2-C6429A338E3A}"
EndProject
Project("{9A19103F-16F7-4668-BE54-9A1E7A4F7556}") = "HighScoresExercise", "Exercises\Easy\HighScoresExercise\HighScoresExercise.csproj", "{E03E4642-A19A-4DA4-A492-D22E1F257D99}"
EndProject
Project("{9A19103F-16F7-4668-BE54-9A1E7A4F7556}") = "LeapExercise", "Exercises\Easy\LeapExercise\LeapExercise.csproj", "{B66DAB2C-3AB2-4AB6-BBB1-B7305AA540D3}"
EndProject
Project("{9A19103F-16F7-4668-BE54-9A1E7A4F7556}") = "NucleotideCountExercise", "Exercises\Easy\NucleotideCountExercise\NucleotideCountExercise.csproj", "{81B7BDBD-4483-4E39-B860-D8BF5B229C7E}"
EndProject
Project("{9A19103F-16F7-4668-BE54-9A1E7A4F7556}") = "ResistorColorExercise", "Exercises\Easy\ResistorColorExercise\ResistorColorExercise.csproj", "{43E606F5-8164-4AD0-96FE-E540081991CB}"
EndProject
Project("{9A19103F-16F7-4668-BE54-9A1E7A4F7556}") = "RobotNameExercise", "Exercises\Easy\RobotNameExercise\RobotNameExercise.csproj", "{CB798BB3-D39F-4BFC-B551-7D9A35D36684}"
EndProject
Project("{9A19103F-16F7-4668-BE54-9A1E7A4F7556}") = "SpaceAgeExercise", "Exercises\Easy\SpaceAgeExercise\SpaceAgeExercise.csproj", "{E92FE362-B1CA-4462-B261-DDA2BD2B3C7C}"
EndProject
Project("{9A19103F-16F7-4668-BE54-9A1E7A4F7556}") = "TwoFerExercise", "Exercises\Easy\TwoFerExercise\TwoFerExercise.csproj", "{E99A0A5D-E258-4948-BBE5-666FAACB2A5D}"
EndProject
Project("{FAE04EC0-301F-11D3-BF4B-00C04F79EFBC}") = "RotationalCipherExercise", "RotationalCipherExercise\RotationalCipherExercise.csproj", "{6B507F5D-8695-4D03-B68D-73BD0B2EFDD7}"
EndProject
Global
	GlobalSection(SolutionConfigurationPlatforms) = preSolution
		Debug|Any CPU = Debug|Any CPU
		Release|Any CPU = Release|Any CPU
	EndGlobalSection
	GlobalSection(ProjectConfigurationPlatforms) = postSolution
		{037EDAB7-E44F-4B3F-972E-1006D9387238}.Debug|Any CPU.ActiveCfg = Debug|Any CPU
		{037EDAB7-E44F-4B3F-972E-1006D9387238}.Debug|Any CPU.Build.0 = Debug|Any CPU
		{037EDAB7-E44F-4B3F-972E-1006D9387238}.Release|Any CPU.ActiveCfg = Release|Any CPU
		{037EDAB7-E44F-4B3F-972E-1006D9387238}.Release|Any CPU.Build.0 = Release|Any CPU
		{FF9C919A-7C87-4152-9D52-38F367AAB85B}.Debug|Any CPU.ActiveCfg = Debug|Any CPU
		{FF9C919A-7C87-4152-9D52-38F367AAB85B}.Debug|Any CPU.Build.0 = Debug|Any CPU
		{FF9C919A-7C87-4152-9D52-38F367AAB85B}.Release|Any CPU.ActiveCfg = Release|Any CPU
		{FF9C919A-7C87-4152-9D52-38F367AAB85B}.Release|Any CPU.Build.0 = Release|Any CPU
		{23A1A759-93E7-4C4A-871D-0986236E9FBD}.Debug|Any CPU.ActiveCfg = Debug|Any CPU
		{23A1A759-93E7-4C4A-871D-0986236E9FBD}.Debug|Any CPU.Build.0 = Debug|Any CPU
		{23A1A759-93E7-4C4A-871D-0986236E9FBD}.Release|Any CPU.ActiveCfg = Release|Any CPU
		{23A1A759-93E7-4C4A-871D-0986236E9FBD}.Release|Any CPU.Build.0 = Release|Any CPU
		{3272735E-5FDE-4C31-BB4C-07A861BFA556}.Debug|Any CPU.ActiveCfg = Debug|Any CPU
		{3272735E-5FDE-4C31-BB4C-07A861BFA556}.Debug|Any CPU.Build.0 = Debug|Any CPU
		{3272735E-5FDE-4C31-BB4C-07A861BFA556}.Release|Any CPU.ActiveCfg = Release|Any CPU
		{3272735E-5FDE-4C31-BB4C-07A861BFA556}.Release|Any CPU.Build.0 = Release|Any CPU
		{28F27C9C-80C5-491D-810E-2E7733EB6E98}.Debug|Any CPU.ActiveCfg = Debug|Any CPU
		{28F27C9C-80C5-491D-810E-2E7733EB6E98}.Debug|Any CPU.Build.0 = Debug|Any CPU
		{28F27C9C-80C5-491D-810E-2E7733EB6E98}.Release|Any CPU.ActiveCfg = Release|Any CPU
		{28F27C9C-80C5-491D-810E-2E7733EB6E98}.Release|Any CPU.Build.0 = Release|Any CPU
		{A3D95069-F2D2-4F08-ACF2-C6429A338E3A}.Debug|Any CPU.ActiveCfg = Debug|Any CPU
		{A3D95069-F2D2-4F08-ACF2-C6429A338E3A}.Debug|Any CPU.Build.0 = Debug|Any CPU
		{A3D95069-F2D2-4F08-ACF2-C6429A338E3A}.Release|Any CPU.ActiveCfg = Release|Any CPU
		{A3D95069-F2D2-4F08-ACF2-C6429A338E3A}.Release|Any CPU.Build.0 = Release|Any CPU
		{E03E4642-A19A-4DA4-A492-D22E1F257D99}.Debug|Any CPU.ActiveCfg = Debug|Any CPU
		{E03E4642-A19A-4DA4-A492-D22E1F257D99}.Debug|Any CPU.Build.0 = Debug|Any CPU
		{E03E4642-A19A-4DA4-A492-D22E1F257D99}.Release|Any CPU.ActiveCfg = Release|Any CPU
		{E03E4642-A19A-4DA4-A492-D22E1F257D99}.Release|Any CPU.Build.0 = Release|Any CPU
		{B66DAB2C-3AB2-4AB6-BBB1-B7305AA540D3}.Debug|Any CPU.ActiveCfg = Debug|Any CPU
		{B66DAB2C-3AB2-4AB6-BBB1-B7305AA540D3}.Debug|Any CPU.Build.0 = Debug|Any CPU
		{B66DAB2C-3AB2-4AB6-BBB1-B7305AA540D3}.Release|Any CPU.ActiveCfg = Release|Any CPU
		{B66DAB2C-3AB2-4AB6-BBB1-B7305AA540D3}.Release|Any CPU.Build.0 = Release|Any CPU
		{81B7BDBD-4483-4E39-B860-D8BF5B229C7E}.Debug|Any CPU.ActiveCfg = Debug|Any CPU
		{81B7BDBD-4483-4E39-B860-D8BF5B229C7E}.Debug|Any CPU.Build.0 = Debug|Any CPU
		{81B7BDBD-4483-4E39-B860-D8BF5B229C7E}.Release|Any CPU.ActiveCfg = Release|Any CPU
		{81B7BDBD-4483-4E39-B860-D8BF5B229C7E}.Release|Any CPU.Build.0 = Release|Any CPU
		{43E606F5-8164-4AD0-96FE-E540081991CB}.Debug|Any CPU.ActiveCfg = Debug|Any CPU
		{43E606F5-8164-4AD0-96FE-E540081991CB}.Debug|Any CPU.Build.0 = Debug|Any CPU
		{43E606F5-8164-4AD0-96FE-E540081991CB}.Release|Any CPU.ActiveCfg = Release|Any CPU
		{43E606F5-8164-4AD0-96FE-E540081991CB}.Release|Any CPU.Build.0 = Release|Any CPU
		{CB798BB3-D39F-4BFC-B551-7D9A35D36684}.Debug|Any CPU.ActiveCfg = Debug|Any CPU
		{CB798BB3-D39F-4BFC-B551-7D9A35D36684}.Debug|Any CPU.Build.0 = Debug|Any CPU
		{CB798BB3-D39F-4BFC-B551-7D9A35D36684}.Release|Any CPU.ActiveCfg = Release|Any CPU
		{CB798BB3-D39F-4BFC-B551-7D9A35D36684}.Release|Any CPU.Build.0 = Release|Any CPU
		{E92FE362-B1CA-4462-B261-DDA2BD2B3C7C}.Debug|Any CPU.ActiveCfg = Debug|Any CPU
		{E92FE362-B1CA-4462-B261-DDA2BD2B3C7C}.Debug|Any CPU.Build.0 = Debug|Any CPU
		{E92FE362-B1CA-4462-B261-DDA2BD2B3C7C}.Release|Any CPU.ActiveCfg = Release|Any CPU
		{E92FE362-B1CA-4462-B261-DDA2BD2B3C7C}.Release|Any CPU.Build.0 = Release|Any CPU
		{E99A0A5D-E258-4948-BBE5-666FAACB2A5D}.Debug|Any CPU.ActiveCfg = Debug|Any CPU
		{E99A0A5D-E258-4948-BBE5-666FAACB2A5D}.Debug|Any CPU.Build.0 = Debug|Any CPU
		{E99A0A5D-E258-4948-BBE5-666FAACB2A5D}.Release|Any CPU.ActiveCfg = Release|Any CPU
		{E99A0A5D-E258-4948-BBE5-666FAACB2A5D}.Release|Any CPU.Build.0 = Release|Any CPU
		{6B507F5D-8695-4D03-B68D-73BD0B2EFDD7}.Debug|Any CPU.ActiveCfg = Debug|Any CPU
		{6B507F5D-8695-4D03-B68D-73BD0B2EFDD7}.Debug|Any CPU.Build.0 = Debug|Any CPU
		{6B507F5D-8695-4D03-B68D-73BD0B2EFDD7}.Release|Any CPU.ActiveCfg = Release|Any CPU
		{6B507F5D-8695-4D03-B68D-73BD0B2EFDD7}.Release|Any CPU.Build.0 = Release|Any CPU
	EndGlobalSection
	GlobalSection(SolutionProperties) = preSolution
		HideSolutionNode = FALSE
	EndGlobalSection
	GlobalSection(NestedProjects) = preSolution
		{FF9C919A-7C87-4152-9D52-38F367AAB85B} = {1622BCC3-E425-46E6-9BB0-7E7CAAC44416}
		{23A1A759-93E7-4C4A-871D-0986236E9FBD} = {1622BCC3-E425-46E6-9BB0-7E7CAAC44416}
		{3272735E-5FDE-4C31-BB4C-07A861BFA556} = {1622BCC3-E425-46E6-9BB0-7E7CAAC44416}
		{28F27C9C-80C5-491D-810E-2E7733EB6E98} = {1622BCC3-E425-46E6-9BB0-7E7CAAC44416}
		{A3D95069-F2D2-4F08-ACF2-C6429A338E3A} = {1622BCC3-E425-46E6-9BB0-7E7CAAC44416}
		{E03E4642-A19A-4DA4-A492-D22E1F257D99} = {1622BCC3-E425-46E6-9BB0-7E7CAAC44416}
		{B66DAB2C-3AB2-4AB6-BBB1-B7305AA540D3} = {1622BCC3-E425-46E6-9BB0-7E7CAAC44416}
		{81B7BDBD-4483-4E39-B860-D8BF5B229C7E} = {1622BCC3-E425-46E6-9BB0-7E7CAAC44416}
		{43E606F5-8164-4AD0-96FE-E540081991CB} = {1622BCC3-E425-46E6-9BB0-7E7CAAC44416}
		{CB798BB3-D39F-4BFC-B551-7D9A35D36684} = {1622BCC3-E425-46E6-9BB0-7E7CAAC44416}
		{E92FE362-B1CA-4462-B261-DDA2BD2B3C7C} = {1622BCC3-E425-46E6-9BB0-7E7CAAC44416}
		{E99A0A5D-E258-4948-BBE5-666FAACB2A5D} = {1622BCC3-E425-46E6-9BB0-7E7CAAC44416}
		{6B507F5D-8695-4D03-B68D-73BD0B2EFDD7} = {86E2B076-C054-4C94-8529-60D1FE9596BF}
	EndGlobalSection
	GlobalSection(ExtensibilityGlobals) = postSolution
		SolutionGuid = {6412B274-A982-4A2A-903E-029EBEB90D0F}
	EndGlobalSection
EndGlobal
